// !$*UTF8*$!
{
	archiveVersion = 1;
	classes = {
	};
	objectVersion = 48;
	objects = {

/* Begin PBXBuildFile section */
		5A9A5A641F9906E8004EBB39 /* main.cpp in Sources */ = {isa = PBXBuildFile; fileRef = 5A9A5A551F990630004EBB39 /* main.cpp */; };
/* End PBXBuildFile section */

/* Begin PBXCopyFilesBuildPhase section */
		5A7797C71F9905FD00555E17 /* CopyFiles */ = {
			isa = PBXCopyFilesBuildPhase;
			buildActionMask = 2147483647;
			dstPath = /usr/share/man/man1/;
			dstSubfolderSpec = 0;
			files = (
			);
			runOnlyForDeploymentPostprocessing = 1;
		};
/* End PBXCopyFilesBuildPhase section */

/* Begin PBXFileReference section */
		5A7797C91F9905FD00555E17 /* ldpc-test */ = {isa = PBXFileReference; explicitFileType = "compiled.mach-o.executable"; includeInIndex = 0; path = "ldpc-test"; sourceTree = BUILT_PRODUCTS_DIR; };
		5A9A5A551F990630004EBB39 /* main.cpp */ = {isa = PBXFileReference; lastKnownFileType = sourcecode.cpp.cpp; path = main.cpp; sourceTree = "<group>"; };
		5A9A5A561F990636004EBB39 /* ldpc_encode.impl.hpp */ = {isa = PBXFileReference; lastKnownFileType = sourcecode.cpp.h; name = ldpc_encode.impl.hpp; path = ../ldpc/ldpc_encode.impl.hpp; sourceTree = "<group>"; };
		5A9A5A571F990636004EBB39 /* ldpc_decode.impl.hpp */ = {isa = PBXFileReference; lastKnownFileType = sourcecode.cpp.h; name = ldpc_decode.impl.hpp; path = ../ldpc/ldpc_decode.impl.hpp; sourceTree = "<group>"; };
		5A9A5A581F990636004EBB39 /* ldpc_build_matrix_v02.hpp */ = {isa = PBXFileReference; lastKnownFileType = sourcecode.cpp.h; name = ldpc_build_matrix_v02.hpp; path = ../ldpc/ldpc_build_matrix_v02.hpp; sourceTree = "<group>"; };
		5A9A5A591F990636004EBB39 /* ldpc_utils.hpp */ = {isa = PBXFileReference; lastKnownFileType = sourcecode.cpp.h; name = ldpc_utils.hpp; path = ../ldpc/ldpc_utils.hpp; sourceTree = "<group>"; };
		5A9A5A5A1F990636004EBB39 /* ldpc_build_matrix_v01.hpp */ = {isa = PBXFileReference; lastKnownFileType = sourcecode.cpp.h; name = ldpc_build_matrix_v01.hpp; path = ../ldpc/ldpc_build_matrix_v01.hpp; sourceTree = "<group>"; };
		5A9A5A5B1F990636004EBB39 /* ldpc_encode.hpp */ = {isa = PBXFileReference; lastKnownFileType = sourcecode.cpp.h; name = ldpc_encode.hpp; path = ../ldpc/ldpc_encode.hpp; sourceTree = "<group>"; };
		5A9A5A5C1F990636004EBB39 /* ldpc_bit_ops.hpp */ = {isa = PBXFileReference; lastKnownFileType = sourcecode.cpp.h; name = ldpc_bit_ops.hpp; path = ../ldpc/ldpc_bit_ops.hpp; sourceTree = "<group>"; };
		5A9A5A5D1F990636004EBB39 /* ldpc_decode.hpp */ = {isa = PBXFileReference; lastKnownFileType = sourcecode.cpp.h; name = ldpc_decode.hpp; path = ../ldpc/ldpc_decode.hpp; sourceTree = "<group>"; };
		5A9A5A5E1F990636004EBB39 /* ldpc_bit_ops.impl.hpp */ = {isa = PBXFileReference; lastKnownFileType = sourcecode.cpp.h; name = ldpc_bit_ops.impl.hpp; path = ../ldpc/ldpc_bit_ops.impl.hpp; sourceTree = "<group>"; };
		5A9A5A5F1F990636004EBB39 /* ldpc_matrix.hpp */ = {isa = PBXFileReference; lastKnownFileType = sourcecode.cpp.h; name = ldpc_matrix.hpp; path = ../ldpc/ldpc_matrix.hpp; sourceTree = "<group>"; };
		5A9A5A601F990636004EBB39 /* ldpc_tanner_graph.hpp */ = {isa = PBXFileReference; lastKnownFileType = sourcecode.cpp.h; name = ldpc_tanner_graph.hpp; path = ../ldpc/ldpc_tanner_graph.hpp; sourceTree = "<group>"; };
		5A9A5A611F990636004EBB39 /* ldpc_tanner_graph.impl.hpp */ = {isa = PBXFileReference; lastKnownFileType = sourcecode.cpp.h; name = ldpc_tanner_graph.impl.hpp; path = ../ldpc/ldpc_tanner_graph.impl.hpp; sourceTree = "<group>"; };
		5A9A5A621F990637004EBB39 /* ldpc_matrix.300x152x3x6.hpp */ = {isa = PBXFileReference; lastKnownFileType = sourcecode.cpp.h; name = ldpc_matrix.300x152x3x6.hpp; path = ../ldpc/ldpc_matrix.300x152x3x6.hpp; sourceTree = "<group>"; };
		5A9A5A631F990637004EBB39 /* ldpc_matrix.n116.k64.wc3.l6_0.hpp */ = {isa = PBXFileReference; lastKnownFileType = sourcecode.cpp.h; name = ldpc_matrix.n116.k64.wc3.l6_0.hpp; path = ../ldpc/ldpc_matrix.n116.k64.wc3.l6_0.hpp; sourceTree = "<group>"; };
/* End PBXFileReference section */

/* Begin PBXFrameworksBuildPhase section */
		5A7797C61F9905FD00555E17 /* Frameworks */ = {
			isa = PBXFrameworksBuildPhase;
			buildActionMask = 2147483647;
			files = (
			);
			runOnlyForDeploymentPostprocessing = 0;
		};
/* End PBXFrameworksBuildPhase section */

/* Begin PBXGroup section */
		5A7797C01F9905FD00555E17 = {
			isa = PBXGroup;
			children = (
				5A9A5A541F990624004EBB39 /* ldpc */,
				5A9A5A531F990619004EBB39 /* test */,
				5A7797CA1F9905FD00555E17 /* Products */,
			);
			sourceTree = "<group>";
		};
		5A7797CA1F9905FD00555E17 /* Products */ = {
			isa = PBXGroup;
			children = (
				5A7797C91F9905FD00555E17 /* ldpc-test */,
			);
			name = Products;
			sourceTree = "<group>";
		};
		5A9A5A531F990619004EBB39 /* test */ = {
			isa = PBXGroup;
			children = (
				5A9A5A551F990630004EBB39 /* main.cpp */,
			);
			name = test;
			sourceTree = "<group>";
		};
		5A9A5A541F990624004EBB39 /* ldpc */ = {
			isa = PBXGroup;
			children = (
				5A9A5A5C1F990636004EBB39 /* ldpc_bit_ops.hpp */,
				5A9A5A5E1F990636004EBB39 /* ldpc_bit_ops.impl.hpp */,
				5A9A5A5A1F990636004EBB39 /* ldpc_build_matrix_v01.hpp */,
				5A9A5A581F990636004EBB39 /* ldpc_build_matrix_v02.hpp */,
				5A9A5A5D1F990636004EBB39 /* ldpc_decode.hpp */,
				5A9A5A571F990636004EBB39 /* ldpc_decode.impl.hpp */,
				5A9A5A5B1F990636004EBB39 /* ldpc_encode.hpp */,
				5A9A5A561F990636004EBB39 /* ldpc_encode.impl.hpp */,
				5A9A5A621F990637004EBB39 /* ldpc_matrix.300x152x3x6.hpp */,
				5A9A5A5F1F990636004EBB39 /* ldpc_matrix.hpp */,
				5A9A5A631F990637004EBB39 /* ldpc_matrix.n116.k64.wc3.l6_0.hpp */,
				5A9A5A601F990636004EBB39 /* ldpc_tanner_graph.hpp */,
				5A9A5A611F990636004EBB39 /* ldpc_tanner_graph.impl.hpp */,
				5A9A5A591F990636004EBB39 /* ldpc_utils.hpp */,
			);
			name = ldpc;
			sourceTree = "<group>";
		};
/* End PBXGroup section */

/* Begin PBXNativeTarget section */
		5A7797C81F9905FD00555E17 /* ldpc-test */ = {
			isa = PBXNativeTarget;
			buildConfigurationList = 5A7797D01F9905FD00555E17 /* Build configuration list for PBXNativeTarget "ldpc-test" */;
			buildPhases = (
				5A7797C51F9905FD00555E17 /* Sources */,
				5A7797C61F9905FD00555E17 /* Frameworks */,
				5A7797C71F9905FD00555E17 /* CopyFiles */,
			);
			buildRules = (
			);
			dependencies = (
			);
			name = "ldpc-test";
			productName = "ldpc-test";
			productReference = 5A7797C91F9905FD00555E17 /* ldpc-test */;
			productType = "com.apple.product-type.tool";
		};
/* End PBXNativeTarget section */

/* Begin PBXProject section */
		5A7797C11F9905FD00555E17 /* Project object */ = {
			isa = PBXProject;
			attributes = {
				LastUpgradeCheck = 0900;
				ORGANIZATIONNAME = audiomovers;
				TargetAttributes = {
					5A7797C81F9905FD00555E17 = {
						CreatedOnToolsVersion = 9.0;
						ProvisioningStyle = Automatic;
					};
				};
			};
			buildConfigurationList = 5A7797C41F9905FD00555E17 /* Build configuration list for PBXProject "ldpc-test" */;
			compatibilityVersion = "Xcode 8.0";
			developmentRegion = en;
			hasScannedForEncodings = 0;
			knownRegions = (
				en,
			);
			mainGroup = 5A7797C01F9905FD00555E17;
			productRefGroup = 5A7797CA1F9905FD00555E17 /* Products */;
			projectDirPath = "";
			projectRoot = "";
			targets = (
				5A7797C81F9905FD00555E17 /* ldpc-test */,
			);
		};
/* End PBXProject section */

/* Begin PBXSourcesBuildPhase section */
		5A7797C51F9905FD00555E17 /* Sources */ = {
			isa = PBXSourcesBuildPhase;
			buildActionMask = 2147483647;
			files = (
				5A9A5A641F9906E8004EBB39 /* main.cpp in Sources */,
			);
			runOnlyForDeploymentPostprocessing = 0;
		};
/* End PBXSourcesBuildPhase section */

/* Begin XCBuildConfiguration section */
		5A7797CE1F9905FD00555E17 /* Debug */ = {
			isa = XCBuildConfiguration;
			buildSettings = {
				ALWAYS_SEARCH_USER_PATHS = NO;
				CLANG_ANALYZER_NONNULL = YES;
				CLANG_ANALYZER_NUMBER_OBJECT_CONVERSION = YES_AGGRESSIVE;
				CLANG_CXX_LANGUAGE_STANDARD = "gnu++14";
				CLANG_CXX_LIBRARY = "libc++";
				CLANG_ENABLE_MODULES = YES;
				CLANG_ENABLE_OBJC_ARC = YES;
				CLANG_WARN_BLOCK_CAPTURE_AUTORELEASING = YES;
				CLANG_WARN_BOOL_CONVERSION = YES;
				CLANG_WARN_COMMA = YES;
				CLANG_WARN_CONSTANT_CONVERSION = YES;
				CLANG_WARN_DIRECT_OBJC_ISA_USAGE = YES_ERROR;
				CLANG_WARN_DOCUMENTATION_COMMENTS = YES;
				CLANG_WARN_EMPTY_BODY = YES;
				CLANG_WARN_ENUM_CONVERSION = YES;
				CLANG_WARN_INFINITE_RECURSION = YES;
				CLANG_WARN_INT_CONVERSION = YES;
				CLANG_WARN_NON_LITERAL_NULL_CONVERSION = YES;
				CLANG_WARN_OBJC_LITERAL_CONVERSION = YES;
				CLANG_WARN_OBJC_ROOT_CLASS = YES_ERROR;
				CLANG_WARN_RANGE_LOOP_ANALYSIS = YES;
				CLANG_WARN_STRICT_PROTOTYPES = YES;
				CLANG_WARN_SUSPICIOUS_MOVE = YES;
				CLANG_WARN_UNGUARDED_AVAILABILITY = YES_AGGRESSIVE;
				CLANG_WARN_UNREACHABLE_CODE = YES;
				CLANG_WARN__DUPLICATE_METHOD_MATCH = YES;
				CODE_SIGN_IDENTITY = "-";
				COPY_PHASE_STRIP = NO;
				DEBUG_INFORMATION_FORMAT = dwarf;
				ENABLE_STRICT_OBJC_MSGSEND = YES;
				ENABLE_TESTABILITY = YES;
				GCC_C_LANGUAGE_STANDARD = gnu11;
				GCC_DYNAMIC_NO_PIC = NO;
				GCC_NO_COMMON_BLOCKS = YES;
				GCC_OPTIMIZATION_LEVEL = 0;
				GCC_PREPROCESSOR_DEFINITIONS = (
					"DEBUG=1",
					"$(inherited)",
				);
				GCC_WARN_64_TO_32_BIT_CONVERSION = YES;
				GCC_WARN_ABOUT_RETURN_TYPE = YES_ERROR;
				GCC_WARN_UNDECLARED_SELECTOR = YES;
				GCC_WARN_UNINITIALIZED_AUTOS = YES_AGGRESSIVE;
				GCC_WARN_UNUSED_FUNCTION = YES;
				GCC_WARN_UNUSED_VARIABLE = YES;
				MACOSX_DEPLOYMENT_TARGET = 10.12;
				MTL_ENABLE_DEBUG_INFO = YES;
				ONLY_ACTIVE_ARCH = YES;
				SDKROOT = macosx;
			};
			name = Debug;
		};
		5A7797CF1F9905FD00555E17 /* Release */ = {
			isa = XCBuildConfiguration;
			buildSettings = {
				ALWAYS_SEARCH_USER_PATHS = NO;
				CLANG_ANALYZER_NONNULL = YES;
				CLANG_ANALYZER_NUMBER_OBJECT_CONVERSION = YES_AGGRESSIVE;
				CLANG_CXX_LANGUAGE_STANDARD = "gnu++14";
				CLANG_CXX_LIBRARY = "libc++";
				CLANG_ENABLE_MODULES = YES;
				CLANG_ENABLE_OBJC_ARC = YES;
				CLANG_WARN_BLOCK_CAPTURE_AUTORELEASING = YES;
				CLANG_WARN_BOOL_CONVERSION = YES;
				CLANG_WARN_COMMA = YES;
				CLANG_WARN_CONSTANT_CONVERSION = YES;
				CLANG_WARN_DIRECT_OBJC_ISA_USAGE = YES_ERROR;
				CLANG_WARN_DOCUMENTATION_COMMENTS = YES;
				CLANG_WARN_EMPTY_BODY = YES;
				CLANG_WARN_ENUM_CONVERSION = YES;
				CLANG_WARN_INFINITE_RECURSION = YES;
				CLANG_WARN_INT_CONVERSION = YES;
				CLANG_WARN_NON_LITERAL_NULL_CONVERSION = YES;
				CLANG_WARN_OBJC_LITERAL_CONVERSION = YES;
				CLANG_WARN_OBJC_ROOT_CLASS = YES_ERROR;
				CLANG_WARN_RANGE_LOOP_ANALYSIS = YES;
				CLANG_WARN_STRICT_PROTOTYPES = YES;
				CLANG_WARN_SUSPICIOUS_MOVE = YES;
				CLANG_WARN_UNGUARDED_AVAILABILITY = YES_AGGRESSIVE;
				CLANG_WARN_UNREACHABLE_CODE = YES;
				CLANG_WARN__DUPLICATE_METHOD_MATCH = YES;
				CODE_SIGN_IDENTITY = "-";
				COPY_PHASE_STRIP = NO;
				DEBUG_INFORMATION_FORMAT = "dwarf-with-dsym";
				ENABLE_NS_ASSERTIONS = NO;
				ENABLE_STRICT_OBJC_MSGSEND = YES;
				GCC_C_LANGUAGE_STANDARD = gnu11;
				GCC_NO_COMMON_BLOCKS = YES;
				GCC_WARN_64_TO_32_BIT_CONVERSION = YES;
				GCC_WARN_ABOUT_RETURN_TYPE = YES_ERROR;
				GCC_WARN_UNDECLARED_SELECTOR = YES;
				GCC_WARN_UNINITIALIZED_AUTOS = YES_AGGRESSIVE;
				GCC_WARN_UNUSED_FUNCTION = YES;
				GCC_WARN_UNUSED_VARIABLE = YES;
				MACOSX_DEPLOYMENT_TARGET = 10.12;
				MTL_ENABLE_DEBUG_INFO = NO;
				SDKROOT = macosx;
			};
			name = Release;
		};
		5A7797D11F9905FD00555E17 /* Debug */ = {
			isa = XCBuildConfiguration;
			buildSettings = {
				CODE_SIGN_STYLE = Automatic;
				PRODUCT_NAME = "$(TARGET_NAME)";
			};
			name = Debug;
		};
		5A7797D21F9905FD00555E17 /* Release */ = {
			isa = XCBuildConfiguration;
			buildSettings = {
				CODE_SIGN_STYLE = Automatic;
				PRODUCT_NAME = "$(TARGET_NAME)";
			};
			name = Release;
		};
/* End XCBuildConfiguration section */

/* Begin XCConfigurationList section */
		5A7797C41F9905FD00555E17 /* Build configuration list for PBXProject "ldpc-test" */ = {
			isa = XCConfigurationList;
			buildConfigurations = (
				5A7797CE1F9905FD00555E17 /* Debug */,
				5A7797CF1F9905FD00555E17 /* Release */,
			);
			defaultConfigurationIsVisible = 0;
			defaultConfigurationName = Release;
		};
		5A7797D01F9905FD00555E17 /* Build configuration list for PBXNativeTarget "ldpc-test" */ = {
			isa = XCConfigurationList;
			buildConfigurations = (
				5A7797D11F9905FD00555E17 /* Debug */,
				5A7797D21F9905FD00555E17 /* Release */,
			);
			defaultConfigurationIsVisible = 0;
			defaultConfigurationName = Release;
		};
/* End XCConfigurationList section */
	};
	rootObject = 5A7797C11F9905FD00555E17 /* Project object */;
}
